
Microsoft Visual Studio Solution File, Format Version 12.00
# Visual Studio Version 16
VisualStudioVersion = 16.0.32407.337
MinimumVisualStudioVersion = 10.0.40219.1
Project("{FAE04EC0-301F-11D3-BF4B-00C04F79EFBC}") = "CRUDwithoutEF", "CRUDwithoutEF.csproj", "{1F5BE76E-3EB0-4E02-A653-F3E048B2E747}"
EndProject
Global
	GlobalSection(SolutionConfigurationPlatforms) = preSolution
		Debug|Any CPU = Debug|Any CPU
		Release|Any CPU = Release|Any CPU
	EndGlobalSection
	GlobalSection(ProjectConfigurationPlatforms) = postSolution
		{1F5BE76E-3EB0-4E02-A653-F3E048B2E747}.Debug|Any CPU.ActiveCfg = Debug|Any CPU
		{1F5BE76E-3EB0-4E02-A653-F3E048B2E747}.Debug|Any CPU.Build.0 = Debug|Any CPU
		{1F5BE76E-3EB0-4E02-A653-F3E048B2E747}.Release|Any CPU.ActiveCfg = Release|Any CPU
		{1F5BE76E-3EB0-4E02-A653-F3E048B2E747}.Release|Any CPU.Build.0 = Release|Any CPU
	EndGlobalSection
	GlobalSection(SolutionProperties) = preSolution
		HideSolutionNode = FALSE
	EndGlobalSection
	GlobalSection(ExtensibilityGlobals) = postSolution
		SolutionGuid = {6FB1AF4E-A102-401F-8D1E-E6DD5D49C4FD}
	EndGlobalSection
EndGlobal
